
Microsoft Visual Studio Solution File, Format Version 12.00
# Visual Studio Version 16
VisualStudioVersion = 16.0.32228.343
MinimumVisualStudioVersion = 10.0.40219.1
Project("{FAE04EC0-301F-11D3-BF4B-00C04F79EFBC}") = "ApiWithAzure", "ApiWithAzure\ApiWithAzure.csproj", "{DEE6E2FF-3302-434D-A703-7A99011C2579}"
EndProject
Project("{FAE04EC0-301F-11D3-BF4B-00C04F79EFBC}") = "ApiWithAzure.Data", "ApiWithAzure.Data\ApiWithAzure.Data.csproj", "{93F67D71-AD45-446F-A4B3-9641F13D9485}"
EndProject
Global
	GlobalSection(SolutionConfigurationPlatforms) = preSolution
		Debug|Any CPU = Debug|Any CPU
		Release|Any CPU = Release|Any CPU
	EndGlobalSection
	GlobalSection(ProjectConfigurationPlatforms) = postSolution
		{DEE6E2FF-3302-434D-A703-7A99011C2579}.Debug|Any CPU.ActiveCfg = Debug|Any CPU
		{DEE6E2FF-3302-434D-A703-7A99011C2579}.Debug|Any CPU.Build.0 = Debug|Any CPU
		{DEE6E2FF-3302-434D-A703-7A99011C2579}.Release|Any CPU.ActiveCfg = Release|Any CPU
		{DEE6E2FF-3302-434D-A703-7A99011C2579}.Release|Any CPU.Build.0 = Release|Any CPU
		{93F67D71-AD45-446F-A4B3-9641F13D9485}.Debug|Any CPU.ActiveCfg = Debug|Any CPU
		{93F67D71-AD45-446F-A4B3-9641F13D9485}.Debug|Any CPU.Build.0 = Debug|Any CPU
		{93F67D71-AD45-446F-A4B3-9641F13D9485}.Release|Any CPU.ActiveCfg = Release|Any CPU
		{93F67D71-AD45-446F-A4B3-9641F13D9485}.Release|Any CPU.Build.0 = Release|Any CPU
	EndGlobalSection
	GlobalSection(SolutionProperties) = preSolution
		HideSolutionNode = FALSE
	EndGlobalSection
	GlobalSection(ExtensibilityGlobals) = postSolution
		SolutionGuid = {35301C6D-7A67-4139-B27B-C8BCC5619D2F}
	EndGlobalSection
EndGlobal
